PODS:
  - CocoaLumberjack (3.6.1):
    - CocoaLumberjack/Core (= 3.6.1)
  - CocoaLumberjack/Core (3.6.1)
  - VVSequelize/core (0.3.5):
    - VVSequelize/header
  - VVSequelize/fts (0.3.5):
    - VVSequelize/core
    - VVSequelize/header
  - VVSequelize/header (0.3.5)
  - VVSequelize/system (0.3.5):
    - VVSequelize/core
    - VVSequelize/fts
    - VVSequelize/util
  - VVSequelize/util (0.3.5):
    - VVSequelize/header

DEPENDENCIES:
  - CocoaLumberjack
  - VVSequelize/system (from `../`)

SPEC REPOS:
  trunk:
    - CocoaLumberjack

EXTERNAL SOURCES:
  VVSequelize:
    :path: "../"

SPEC CHECKSUMS:
  CocoaLumberjack: b17ae15142558d08bbacf69775fa10c4abbebcc9
  VVSequelize: bb434ae2052cc25d2e069e31f4e3655a3c5abf66

PODFILE CHECKSUM: b932d78b27665b0c9d65deb6a1bc703e821a8ce6

COCOAPODS: 1.9.3
