PODS:
  - CocoaLumberjack (3.6.1):
    - CocoaLumberjack/Core (= 3.6.1)
  - CocoaLumberjack/Core (3.6.1)
  - SQLCipher (4.3.0):
    - SQLCipher/standard (= 4.3.0)
  - SQLCipher/common (4.3.0)
  - SQLCipher/standard (4.3.0):
    - SQLCipher/common
  - VVSequelize (0.3.1-beta6):
    - VVSequelize/cipher (= 0.3.1-beta6)
  - VVSequelize/cipher (0.3.1-beta6):
    - SQLCipher
    - VVSequelize/common
  - VVSequelize/common (0.3.1-beta6)

DEPENDENCIES:
  - CocoaLumberjack
  - VVSequelize (from `../`)

SPEC REPOS:
  trunk:
    - CocoaLumberjack
    - SQLCipher

EXTERNAL SOURCES:
  VVSequelize:
    :path: "../"

SPEC CHECKSUMS:
  CocoaLumberjack: b17ae15142558d08bbacf69775fa10c4abbebcc9
  SQLCipher: d305a7bd9af4b64f095c79bdc1a1fa50f2a15116
  VVSequelize: 290ff02a7ae7166e6a768e28879eb34cbe3aec2e

PODFILE CHECKSUM: 93551fd5907f9990e8b8f19e0abcc0881f8dd7dd

COCOAPODS: 1.9.1
